{
  "lockfile-version": 1,
  "manifest": {
    "schema-version": "1.15.0",
    "install": {
      "claude-code": {
        "pkg-path": "claude-code",
        "pkg-group": "claude-code",
        "version": "^2.1.245"
      },
      "codex": {
        "pkg-path": "codex",
        "pkg-group": "codex",
        "version": "^0.135.0"
      },
      "ctlptl": {
        "pkg-path": "ctlptl",
        "version": "0.9.5"
      },
      "gh": {
        "pkg-path": "gh",
        "version": "2.98.0"
      },
      "go": {
        "pkg-path": "go",
        "version": "1.26.7"
      },
      "go-task": {
        "pkg-path": "go-task",
        "version": "3.53.1"
      },
      "golangci-lint": {
        "pkg-path": "golangci-lint",
        "version": "^2.12.2"
      },
      "infer": {
        "flake": "github:inference-gateway/cli/v0.183.0"
      },
      "k3d": {
        "pkg-path": "k3d",
        "version": "5.9.0"
      },
      "kubebuilder": {
        "pkg-path": "kubebuilder",
        "version": "4.15.0"
      },
      "kubectl": {
        "pkg-path": "kubectl",
        "version": "^1.36.1"
      },
      "kubernetes-code-generator": {
        "pkg-path": "kubernetes-code-generator",
        "version": "0.25.4"
      },
      "kustomize": {
        "pkg-path": "kustomize",
        "version": "5.8.1"
      },
      "prettier": {
        "pkg-path": "prettier",
        "version": "^3.8.3"
      }
    },
    "hook": {
      "on-activate": "  export GOENV=\"$FLOX_ENV_CACHE/goenv\"\n  go get .\n"
    },
    "options": {}
  },
  "packages": [
    {
      "attr_path": "claude-code",
      "broken": false,
      "derivation": "/nix/store/n1lgqcdgazzb39wknhn4l88v3skjww77-claude-code-2.1.245.drv",
      "description": "Agentic coding tool that lives in your terminal, understands your codebase, and helps you code faster",
      "install_id": "claude-code",
      "license": "Unfree",
      "locked_url": "https://github.com/flox/nixpkgs?rev=34ab99075ac4f7e40cf037eef32cb1c360bb85e9",
      "name": "claude-code-2.1.245",
      "pname": "claude-code",
      "rev": "34ab99075ac4f7e40cf037eef32cb1c360bb85e9",
      "rev_count": 1064949,
      "rev_date": "2026-08-31T12:23:27Z",
      "scrape_date": "2026-09-01T04:57:40.238535Z",
      "stabilities": [
        "unstable"
      ],
      "unfree": true,
      "version": "2.1.245",
      "outputs_to_install": [
        "out"
      ],
      "outputs": {
        "out": "/nix/store/bx59a90qzpvyapbyz4hwks81xsfw025s-claude-code-2.1.245"
      },
      "system": "aarch64-darwin",
      "group": "claude-code",
      "priority": 5
    },
    {
      "attr_path": "claude-code",
      "broken": false,
      "derivation": "/nix/store/jk2cbws779imgjzjmhci5fnmq3bqa7zr-claude-code-2.1.245.drv",
      "description": "Agentic coding tool that lives in your terminal, understands your codebase, and helps you code faster",
      "install_id": "claude-code",
      "license": "Unfree",
      "locked_url": "https://github.com/flox/nixpkgs?rev=34ab99075ac4f7e40cf037eef32cb1c360bb85e9",
      "name": "claude-code-2.1.245",
      "pname": "claude-code",
      "rev": "34ab99075ac4f7e40cf037eef32cb1c360bb85e9",
      "rev_count": 1064949,
      "rev_date": "2026-08-31T12:23:27Z",
      "scrape_date": "2026-09-01T05:29:15.601663Z",
      "stabilities": [
        "unstable"
      ],
      "unfree": true,
      "version": "2.1.245",
      "outputs_to_install": [
        "out"
      ],
      "outputs": {
        "out": "/nix/store/z9ispy7d612d2kpp7nrhj3v7pddzp3np-claude-code-2.1.245"
      },
      "system": "aarch64-linux",
      "group": "claude-code",
      "priority": 5
    },
    {
      "attr_path": "claude-code",
      "broken": false,
      "derivation": "/nix/store/cwgj6qx0pr1ag13i1l2n4ml1qakxc3qq-claude-code-2.1.245.drv",
      "description": "Agentic coding tool that lives in your terminal, understands your codebase, and helps you code faster",
      "install_id": "claude-code",
      "license": "Unfree",
      "locked_url": "https://github.com/flox/nixpkgs?rev=34ab99075ac4f7e40cf037eef32cb1c360bb85e9",
      "name": "claude-code-2.1.245",
      "pname": "claude-code",
      "rev": "34ab99075ac4f7e40cf037eef32cb1c360bb85e9",
      "rev_count": 1064949,
      "rev_date": "2026-08-31T12:23:27Z",
      "scrape_date": "2026-09-01T06:06:01.474851Z",
      "stabilities": [
        "unstable"
      ],
      "unfree": true,
      "version": "2.1.245",
      "outputs_to_install": [
        "out"
      ],
      "outputs": {
        "out": "/nix/store/k4z7dn65na1gngrpcs8l79vr2pv504dx-claude-code-2.1.245"
      },
      "system": "x86_64-linux",
      "group": "claude-code",
      "priority": 5
    },
    {
      "attr_path": "codex",
      "broken": false,
      "derivation": "/nix/store/gzs0s2pjs6r703d5ckzpp15z2z9mh4yx-codex-0.135.0.drv",
      "description": "Lightweight coding agent that runs in your terminal",
      "install_id": "codex",
      "license": "Apache-2.0",
      "locked_url": "https://github.com/flox/nixpkgs?rev=331800de5053fcebacf6813adb5db9c9dca22a0c",
      "name": "codex-0.135.0",
      "pname": "codex",
      "rev": "331800de5053fcebacf6813adb5db9c9dca22a0c",
      "rev_count": 1008282,
      "rev_date": "2026-05-31T16:09:29Z",
      "scrape_date": "2026-06-02T08:55:40.294021Z",
      "stabilities": [
        "staging",
        "unstable"
      ],
      "unfree": false,
      "version": "0.135.0",
      "outputs_to_install": [
        "out"
      ],
      "outputs": {
        "out": "/nix/store/l6p2maazc8iljiz8iv34dkppk7lvk7ni-codex-0.135.0"
      },
      "system": "aarch64-darwin",
      "group": "codex",
      "priority": 5
    },
    {
      "attr_path": "codex",
      "broken": false,
      "derivation": "/nix/store/djxbjp6sx9xwmkgf9yy41vik8kdyhix5-codex-0.135.0.drv",
      "description": "Lightweight coding agent that runs in your terminal",
      "install_id": "codex",
      "license": "Apache-2.0",
      "locked_url": "https://github.com/flox/nixpkgs?rev=331800de5053fcebacf6813adb5db9c9dca22a0c",
      "name": "codex-0.135.0",
      "pname": "codex",
      "rev": "331800de5053fcebacf6813adb5db9c9dca22a0c",
      "rev_count": 1008282,
      "rev_date": "2026-05-31T16:09:29Z",
      "scrape_date": "2026-06-02T09:40:19.446424Z",
      "stabilities": [
        "staging",
        "unstable"
      ],
      "unfree": false,
      "version": "0.135.0",
      "outputs_to_install": [
        "out"
      ],
      "outputs": {
        "out": "/nix/store/ywsap0cn6xx7pawpa07bcc7yxlvmfl0r-codex-0.135.0"
      },
      "system": "aarch64-linux",
      "group": "codex",
      "priority": 5
    },
    {
      "attr_path": "codex",
      "broken": false,
      "derivation": "/nix/store/swrcc8r0z2kp41ga0j6jf6ig10kli5qv-codex-0.135.0.drv",
      "description": "Lightweight coding agent that runs in your terminal",
      "install_id": "codex",
      "license": "Apache-2.0",
      "locked_url": "https://github.com/flox/nixpkgs?rev=331800de5053fcebacf6813adb5db9c9dca22a0c",
      "name": "codex-0.135.0",
      "pname": "codex",
      "rev": "331800de5053fcebacf6813adb5db9c9dca22a0c",
      "rev_count": 1008282,
      "rev_date": "2026-05-31T16:09:29Z",
      "scrape_date": "2026-06-02T11:06:43.030616Z",
      "stabilities": [
        "staging",
        "unstable"
      ],
      "unfree": false,
      "version": "0.135.0",
      "outputs_to_install": [
        "out"
      ],
      "outputs": {
        "out": "/nix/store/q1j9qd6h3cvbbi24q6mr5b5x4ia5q0kd-codex-0.135.0"
      },
      "system": "x86_64-linux",
      "group": "codex",
      "priority": 5
    },
    {
      "attr_path": "ctlptl",
      "broken": false,
      "derivation": "/nix/store/hidlm3rwchcg9f585461cw0l9bg1pv94-ctlptl-0.9.5.drv",
      "description": "CLI for declaratively setting up local Kubernetes clusters",
      "install_id": "ctlptl",
      "license": "Apache-2.0",
      "locked_url": "https://github.com/flox/nixpkgs?rev=d2f67949798825fe853f7c5d0492b8bf016d3f88",
      "name": "ctlptl-0.9.5",
      "pname": "ctlptl",
      "rev": "d2f67949798825fe853f7c5d0492b8bf016d3f88",
      "rev_count": 1064150,
      "rev_date": "2026-08-29T21:32:09Z",
      "scrape_date": "2026-08-31T04:56:51.928123Z",
      "stabilities": [
        "unstable"
      ],
      "unfree": false,
      "version": "0.9.5",
      "outputs_to_install": [
        "out"
      ],
      "outputs": {
        "out": "/nix/store/0av7p4dwldigar7r9yp5i6jrq85yrgkc-ctlptl-0.9.5"
      },
      "system": "aarch64-darwin",
      "group": "toplevel",
      "priority": 5
    },
    {
      "attr_path": "ctlptl",
      "broken": false,
      "derivation": "/nix/store/r6v804nm4jc4ml9js26srmzy47ah5krx-ctlptl-0.9.5.drv",
      "description": "CLI for declaratively setting up local Kubernetes clusters",
      "install_id": "ctlptl",
      "license": "Apache-2.0",
      "locked_url": "https://github.com/flox/nixpkgs?rev=d2f67949798825fe853f7c5d0492b8bf016d3f88",
      "name": "ctlptl-0.9.5",
      "pname": "ctlptl",
      "rev": "d2f67949798825fe853f7c5d0492b8bf016d3f88",
      "rev_count": 1064150,
      "rev_date": "2026-08-29T21:32:09Z",
      "scrape_date": "2026-08-31T05:29:10.608201Z",
      "stabilities": [
        "unstable"
      ],
      "unfree": false,
      "version": "0.9.5",
      "outputs_to_install": [
        "out"
      ],
      "outputs": {
        "out": "/nix/store/v3c32j5cf55a5vn4mc73bpjinya0c8z5-ctlptl-0.9.5"
      },
      "system": "aarch64-linux",
      "group": "toplevel",
      "priority": 5
    },
    {
      "attr_path": "ctlptl",
      "broken": false,
      "derivation": "/nix/store/yrm4zq1pw8pgra11s74wswfcpcglvgvs-ctlptl-0.9.5.drv",
      "description": "CLI for declaratively setting up local Kubernetes clusters",
      "install_id": "ctlptl",
      "license": "Apache-2.0",
      "locked_url": "https://github.com/flox/nixpkgs?rev=d2f67949798825fe853f7c5d0492b8bf016d3f88",
      "name": "ctlptl-0.9.5",
      "pname": "ctlptl",
      "rev": "d2f67949798825fe853f7c5d0492b8bf016d3f88",
      "rev_count": 1064150,
      "rev_date": "2026-08-29T21:32:09Z",
      "scrape_date": "2026-08-31T06:07:46.299155Z",
      "stabilities": [
        "unstable"
      ],
      "unfree": false,
      "version": "0.9.5",
      "outputs_to_install": [
        "out"
      ],
      "outputs": {
        "out": "/nix/store/i0lvq7wcmsr1770x8nk1yblhrix0b7ab-ctlptl-0.9.5"
      },
      "system": "x86_64-linux",
      "group": "toplevel",
      "priority": 5
    },
    {
      "attr_path": "gh",
      "broken": false,
      "derivation": "/nix/store/4ky5594inz2vy44q5xgs6ac8m0gjivmb-gh-2.98.0.drv",
      "description": "GitHub CLI tool",
      "install_id": "gh",
      "license": "MIT",
      "locked_url": "https://github.com/flox/nixpkgs?rev=d2f67949798825fe853f7c5d0492b8bf016d3f88",
      "name": "gh-2.98.0",
      "pname": "gh",
      "rev": "d2f67949798825fe853f7c5d0492b8bf016d3f88",
      "rev_count": 1064150,
      "rev_date": "2026-08-29T21:32:09Z",
      "scrape_date": "2026-08-31T04:56:52.628598Z",
      "stabilities": [
        "unstable"
      ],
      "unfree": false,
      "version": "2.98.0",
      "outputs_to_install": [
        "out"
      ],
      "outputs": {
        "out": "/nix/store/y81ibbw74n6mskwsh54hnvwblkw33yzb-gh-2.98.0"
      },
      "system": "aarch64-darwin",
      "group": "toplevel",
      "priority": 5
    },
    {
      "attr_path": "gh",
      "broken": false,
      "derivation": "/nix/store/sgf4x6vxiyl9n3jrdn1isd1mbi2216pm-gh-2.98.0.drv",
      "description": "GitHub CLI tool",
      "install_id": "gh",
      "license": "MIT",
      "locked_url": "https://github.com/flox/nixpkgs?rev=d2f67949798825fe853f7c5d0492b8bf016d3f88",
      "name": "gh-2.98.0",
      "pname": "gh",
      "rev": "d2f67949798825fe853f7c5d0492b8bf016d3f88",
      "rev_count": 1064150,
      "rev_date": "2026-08-29T21:32:09Z",
      "scrape_date": "2026-08-31T05:29:11.840091Z",
      "stabilities": [
        "unstable"
      ],
      "unfree": false,
      "version": "2.98.0",
      "outputs_to_install": [
        "out"
      ],
      "outputs": {
        "out": "/nix/store/j5mb4f9a0vbi5r89i00f548z0y5j1kp7-gh-2.98.0"
      },
      "system": "aarch64-linux",
      "group": "toplevel",
      "priority": 5
    },
    {
      "attr_path": "gh",
      "broken": false,
      "derivation": "/nix/store/pcqcgjmr4105h6d0xh9b9i31cc1rfqnx-gh-2.98.0.drv",
      "description": "GitHub CLI tool",
      "install_id": "gh",
      "license": "MIT",
      "locked_url": "https://github.com/flox/nixpkgs?rev=d2f67949798825fe853f7c5d0492b8bf016d3f88",
      "name": "gh-2.98.0",
      "pname": "gh",
      "rev": "d2f67949798825fe853f7c5d0492b8bf016d3f88",
      "rev_count": 1064150,
      "rev_date": "2026-08-29T21:32:09Z",
      "scrape_date": "2026-08-31T06:07:47.571801Z",
      "stabilities": [
        "unstable"
      ],
      "unfree": false,
      "version": "2.98.0",
      "outputs_to_install": [
        "out"
      ],
      "outputs": {
        "out": "/nix/store/dpiajg8vgzpaq74jc79j01fd5bja3cik-gh-2.98.0"
      },
      "system": "x86_64-linux",
      "group": "toplevel",
      "priority": 5
    },
    {
      "attr_path": "go",
      "broken": false,
      "derivation": "/nix/store/w6w7pzbrnk1j01afyzxjhiwirql5lq6m-go-1.26.7.drv",
      "description": "Go Programming language",
      "install_id": "go",
      "license": "BSD-3-Clause",
      "locked_url": "https://github.com/flox/nixpkgs?rev=d2f67949798825fe853f7c5d0492b8bf016d3f88",
      "name": "go-1.26.7",
      "pname": "go",
      "rev": "d2f67949798825fe853f7c5d0492b8bf016d3f88",
      "rev_count": 1064150,
      "rev_date": "2026-08-29T21:32:09Z",
      "scrape_date": "2026-08-31T04:56:52.823198Z",
      "stabilities": [
        "unstable"
      ],
      "unfree": false,
      "version": "1.26.7",
      "outputs_to_install": [
        "out"
      ],
      "outputs": {
        "out": "/nix/store/jdgrfinlrf89z3wdfa6ipr1chpny5v11-go-1.26.7"
      },
      "system": "aarch64-darwin",
      "group": "toplevel",
      "priority": 5
    },
    {
      "attr_path": "go",
      "broken": false,
      "derivation": "/nix/store/0ki6ha0r6iqi6wkzqxjam67pbdzpsfr4-go-1.26.7.drv",
      "description": "Go Programming language",
      "install_id": "go",
      "license": "BSD-3-Clause",
      "locked_url": "https://github.com/flox/nixpkgs?rev=d2f67949798825fe853f7c5d0492b8bf016d3f88",
      "name": "go-1.26.7",
      "pname": "go",
      "rev": "d2f67949798825fe853f7c5d0492b8bf016d3f88",
      "rev_count": 1064150,
      "rev_date": "2026-08-29T21:32:09Z",
      "scrape_date": "2026-08-31T05:29:12.786435Z",
      "stabilities": [
        "unstable"
      ],
      "unfree": false,
      "version": "1.26.7",
      "outputs_to_install": [
        "out"
      ],
      "outputs": {
        "out": "/nix/store/zbm0p3qbd92i7gj78rxajka9yvdrin7p-go-1.26.7"
      },
      "system": "aarch64-linux",
      "group": "toplevel",
      "priority": 5
    },
    {
      "attr_path": "go",
      "broken": false,
      "derivation": "/nix/store/ra2z8ff739aawml2iirfz76g7gxv9i8g-go-1.26.7.drv",
      "description": "Go Programming language",
      "install_id": "go",
      "license": "BSD-3-Clause",
      "locked_url": "https://github.com/flox/nixpkgs?rev=d2f67949798825fe853f7c5d0492b8bf016d3f88",
      "name": "go-1.26.7",
      "pname": "go",
      "rev": "d2f67949798825fe853f7c5d0492b8bf016d3f88",
      "rev_count": 1064150,
      "rev_date": "2026-08-29T21:32:09Z",
      "scrape_date": "2026-08-31T06:07:48.480612Z",
      "stabilities": [
        "unstable"
      ],
      "unfree": false,
      "version": "1.26.7",
      "outputs_to_install": [
        "out"
      ],
      "outputs": {
        "out": "/nix/store/i77g9dmcd399rmxk8688qfr4g2wzgk37-go-1.26.7"
      },
      "system": "x86_64-linux",
      "group": "toplevel",
      "priority": 5
    },
    {
      "attr_path": "go-task",
      "broken": false,
      "derivation": "/nix/store/6lifhbkq5k5y07q7pl0945wrrpypi0wv-go-task-3.53.1.drv",
      "description": "Task runner / simpler Make alternative written in Go",
      "install_id": "go-task",
      "license": "MIT",
      "locked_url": "https://github.com/flox/nixpkgs?rev=d2f67949798825fe853f7c5d0492b8bf016d3f88",
      "name": "go-task-3.53.1",
      "pname": "go-task",
      "rev": "d2f67949798825fe853f7c5d0492b8bf016d3f88",
      "rev_count": 1064150,
      "rev_date": "2026-08-29T21:32:09Z",
      "scrape_date": "2026-08-31T04:56:52.845126Z",
      "stabilities": [
        "unstable"
      ],
      "unfree": false,
      "version": "3.53.1",
      "outputs_to_install": [
        "out"
      ],
      "outputs": {
        "out": "/nix/store/2cp94m0qgih229db2yg2x30rwzrwdamk-go-task-3.53.1"
      },
      "system": "aarch64-darwin",
      "group": "toplevel",
      "priority": 5
    },
    {
      "attr_path": "go-task",
      "broken": false,
      "derivation": "/nix/store/vygxrrfkl5rc201mr9vxzvxb3092yx30-go-task-3.53.1.drv",
      "description": "Task runner / simpler Make alternative written in Go",
      "install_id": "go-task",
      "license": "MIT",
      "locked_url": "https://github.com/flox/nixpkgs?rev=d2f67949798825fe853f7c5d0492b8bf016d3f88",
      "name": "go-task-3.53.1",
      "pname": "go-task",
      "rev": "d2f67949798825fe853f7c5d0492b8bf016d3f88",
      "rev_count": 1064150,
      "rev_date": "2026-08-29T21:32:09Z",
      "scrape_date": "2026-08-31T05:29:12.825801Z",
      "stabilities": [
        "unstable"
      ],
      "unfree": false,
      "version": "3.53.1",
      "outputs_to_install": [
        "out"
      ],
      "outputs": {
        "out": "/nix/store/5wxmmkjhivk4lrx09acasbyffya5q640-go-task-3.53.1"
      },
      "system": "aarch64-linux",
      "group": "toplevel",
      "priority": 5
    },
    {
      "attr_path": "go-task",
      "broken": false,
      "derivation": "/nix/store/qs9lfl8yp18bhb6s0rx2wmlk34x03mih-go-task-3.53.1.drv",
      "description": "Task runner / simpler Make alternative written in Go",
      "install_id": "go-task",
      "license": "MIT",
      "locked_url": "https://github.com/flox/nixpkgs?rev=d2f67949798825fe853f7c5d0492b8bf016d3f88",
      "name": "go-task-3.53.1",
      "pname": "go-task",
      "rev": "d2f67949798825fe853f7c5d0492b8bf016d3f88",
      "rev_count": 1064150,
      "rev_date": "2026-08-29T21:32:09Z",
      "scrape_date": "2026-08-31T06:07:48.513942Z",
      "stabilities": [
        "unstable"
      ],
      "unfree": false,
      "version": "3.53.1",
      "outputs_to_install": [
        "out"
      ],
      "outputs": {
        "out": "/nix/store/bvzzl57kpmvzb6aj0v0yc45gvw8ggf2a-go-task-3.53.1"
      },
      "system": "x86_64-linux",
      "group": "toplevel",
      "priority": 5
    },
    {
      "attr_path": "golangci-lint",
      "broken": false,
      "derivation": "/nix/store/j9672bwvahxyimw39qd3kjfg9p84099k-golangci-lint-2.13.1.drv",
      "description": "Fast linters Runner for Go",
      "install_id": "golangci-lint",
      "license": "GPL-3.0-or-later",
      "locked_url": "https://github.com/flox/nixpkgs?rev=d2f67949798825fe853f7c5d0492b8bf016d3f88",
      "name": "golangci-lint-2.13.1",
      "pname": "golangci-lint",
      "rev": "d2f67949798825fe853f7c5d0492b8bf016d3f88",
      "rev_count": 1064150,
      "rev_date": "2026-08-29T21:32:09Z",
      "scrape_date": "2026-08-31T04:56:52.888290Z",
      "stabilities": [
        "unstable"
      ],
      "unfree": false,
      "version": "2.13.1",
      "outputs_to_install": [
        "out"
      ],
      "outputs": {
        "out": "/nix/store/vyl94dsc8a2vfpx0h9hs3ls3w9hfcyfa-golangci-lint-2.13.1"
      },
      "system": "aarch64-darwin",
      "group": "toplevel",
      "priority": 5
    },
    {
      "attr_path": "golangci-lint",
      "broken": false,
      "derivation": "/nix/store/3c7pfrjz093cqvbjkd3kjg49wf87x0cw-golangci-lint-2.13.1.drv",
      "description": "Fast linters Runner for Go",
      "install_id": "golangci-lint",
      "license": "GPL-3.0-or-later",
      "locked_url": "https://github.com/flox/nixpkgs?rev=d2f67949798825fe853f7c5d0492b8bf016d3f88",
      "name": "golangci-lint-2.13.1",
      "pname": "golangci-lint",
      "rev": "d2f67949798825fe853f7c5d0492b8bf016d3f88",
      "rev_count": 1064150,
      "rev_date": "2026-08-29T21:32:09Z",
      "scrape_date": "2026-08-31T05:29:12.906875Z",
      "stabilities": [
        "unstable"
      ],
      "unfree": false,
      "version": "2.13.1",
      "outputs_to_install": [
        "out"
      ],
      "outputs": {
        "out": "/nix/store/zg1nnbiiaiq65v0h4b22hqlqpqa8ja0j-golangci-lint-2.13.1"
      },
      "system": "aarch64-linux",
      "group": "toplevel",
      "priority": 5
    },
    {
      "attr_path": "golangci-lint",
      "broken": false,
      "derivation": "/nix/store/rpr5764szqpxq2dbrrg5gavxq23902wy-golangci-lint-2.13.1.drv",
      "description": "Fast linters Runner for Go",
      "install_id": "golangci-lint",
      "license": "GPL-3.0-or-later",
      "locked_url": "https://github.com/flox/nixpkgs?rev=d2f67949798825fe853f7c5d0492b8bf016d3f88",
      "name": "golangci-lint-2.13.1",
      "pname": "golangci-lint",
      "rev": "d2f67949798825fe853f7c5d0492b8bf016d3f88",
      "rev_count": 1064150,
      "rev_date": "2026-08-29T21:32:09Z",
      "scrape_date": "2026-08-31T06:07:48.589852Z",
      "stabilities": [
        "unstable"
      ],
      "unfree": false,
      "version": "2.13.1",
      "outputs_to_install": [
        "out"
      ],
      "outputs": {
        "out": "/nix/store/sqm80s7p5kx9j4ia19rw3jy41ajx1v73-golangci-lint-2.13.1"
      },
      "system": "x86_64-linux",
      "group": "toplevel",
      "priority": 5
    },
    {
      "attr_path": "k3d",
      "broken": false,
      "derivation": "/nix/store/1xpg18xrxszn25knl26h0lrw5bj8jhj5-k3d-5.9.0.drv",
      "description": "Helper to run k3s (Lightweight Kubernetes. 5 less than k8s) in a docker container",
      "install_id": "k3d",
      "license": "MIT",
      "locked_url": "https://github.com/flox/nixpkgs?rev=d2f67949798825fe853f7c5d0492b8bf016d3f88",
      "name": "k3d-5.9.0",
      "pname": "k3d",
      "rev": "d2f67949798825fe853f7c5d0492b8bf016d3f88",
      "rev_count": 1064150,
      "rev_date": "2026-08-29T21:32:09Z",
      "scrape_date": "2026-08-31T04:57:08.457982Z",
      "stabilities": [
        "unstable"
      ],
      "unfree": false,
      "version": "5.9.0",
      "outputs_to_install": [
        "out"
      ],
      "outputs": {
        "out": "/nix/store/s7lyvs2lm3xhshdhinp4q7mq337sipl7-k3d-5.9.0"
      },
      "system": "aarch64-darwin",
      "group": "toplevel",
      "priority": 5
    },
    {
      "attr_path": "k3d",
      "broken": false,
      "derivation": "/nix/store/j4vf7r16m47ad9n8qza2pgsj9zsgyhdi-k3d-5.9.0.drv",
      "description": "Helper to run k3s (Lightweight Kubernetes. 5 less than k8s) in a docker container",
      "install_id": "k3d",
      "license": "MIT",
      "locked_url": "https://github.com/flox/nixpkgs?rev=d2f67949798825fe853f7c5d0492b8bf016d3f88",
      "name": "k3d-5.9.0",
      "pname": "k3d",
      "rev": "d2f67949798825fe853f7c5d0492b8bf016d3f88",
      "rev_count": 1064150,
      "rev_date": "2026-08-29T21:32:09Z",
      "scrape_date": "2026-08-31T05:29:34.279332Z",
      "stabilities": [
        "unstable"
      ],
      "unfree": false,
      "version": "5.9.0",
      "outputs_to_install": [
        "out"
      ],
      "outputs": {
        "out": "/nix/store/a8a9xx891l0nwccs4d6mfv9hy07mdg0d-k3d-5.9.0"
      },
      "system": "aarch64-linux",
      "group": "toplevel",
      "priority": 5
    },
    {
      "attr_path": "k3d",
      "broken": false,
      "derivation": "/nix/store/g07gpyzyq8b6magj9qk263vdml7mh90w-k3d-5.9.0.drv",
      "description": "Helper to run k3s (Lightweight Kubernetes. 5 less than k8s) in a docker container",
      "install_id": "k3d",
      "license": "MIT",
      "locked_url": "https://github.com/flox/nixpkgs?rev=d2f67949798825fe853f7c5d0492b8bf016d3f88",
      "name": "k3d-5.9.0",
      "pname": "k3d",
      "rev": "d2f67949798825fe853f7c5d0492b8bf016d3f88",
      "rev_count": 1064150,
      "rev_date": "2026-08-29T21:32:09Z",
      "scrape_date": "2026-08-31T06:08:08.842487Z",
      "stabilities": [
        "unstable"
      ],
      "unfree": false,
      "version": "5.9.0",
      "outputs_to_install": [
        "out"
      ],
      "outputs": {
        "out": "/nix/store/xp6zq6z2vr1xqm7ib06d2p9hr48klv9w-k3d-5.9.0"
      },
      "system": "x86_64-linux",
      "group": "toplevel",
      "priority": 5
    },
    {
      "attr_path": "kubebuilder",
      "broken": false,
      "derivation": "/nix/store/kp88p4lk6wspwd05w2ik1pvw505ngfgk-kubebuilder-4.15.0.drv",
      "description": "SDK for building Kubernetes APIs using CRDs",
      "install_id": "kubebuilder",
      "license": "Apache-2.0",
      "locked_url": "https://github.com/flox/nixpkgs?rev=d2f67949798825fe853f7c5d0492b8bf016d3f88",
      "name": "kubebuilder-4.15.0",
      "pname": "kubebuilder",
      "rev": "d2f67949798825fe853f7c5d0492b8bf016d3f88",
      "rev_count": 1064150,
      "rev_date": "2026-08-29T21:32:09Z",
      "scrape_date": "2026-08-31T04:57:09.090761Z",
      "stabilities": [
        "unstable"
      ],
      "unfree": false,
      "version": "4.15.0",
      "outputs_to_install": [
        "out"
      ],
      "outputs": {
        "out": "/nix/store/j97cr41dg5dxgmwwgsffrgrrzjf51zya-kubebuilder-4.15.0"
      },
      "system": "aarch64-darwin",
      "group": "toplevel",
      "priority": 5
    },
    {
      "attr_path": "kubebuilder",
      "broken": false,
      "derivation": "/nix/store/i4xfpf5kqydxx1c977zgg9pl7ralhip6-kubebuilder-4.15.0.drv",
      "description": "SDK for building Kubernetes APIs using CRDs",
      "install_id": "kubebuilder",
      "license": "Apache-2.0",
      "locked_url": "https://github.com/flox/nixpkgs?rev=d2f67949798825fe853f7c5d0492b8bf016d3f88",
      "name": "kubebuilder-4.15.0",
      "pname": "kubebuilder",
      "rev": "d2f67949798825fe853f7c5d0492b8bf016d3f88",
      "rev_count": 1064150,
      "rev_date": "2026-08-29T21:32:09Z",
      "scrape_date": "2026-08-31T05:29:35.986443Z",
      "stabilities": [
        "unstable"
      ],
      "unfree": false,
      "version": "4.15.0",
      "outputs_to_install": [
        "out"
      ],
      "outputs": {
        "out": "/nix/store/lhn1niqbghyggsxdkwvhj0cv97vg6lic-kubebuilder-4.15.0"
      },
      "system": "aarch64-linux",
      "group": "toplevel",
      "priority": 5
    },
    {
      "attr_path": "kubebuilder",
      "broken": false,
      "derivation": "/nix/store/anp6z83dvq8196hmzmjghmmdxrw0sp67-kubebuilder-4.15.0.drv",
      "description": "SDK for building Kubernetes APIs using CRDs",
      "install_id": "kubebuilder",
      "license": "Apache-2.0",
      "locked_url": "https://github.com/flox/nixpkgs?rev=d2f67949798825fe853f7c5d0492b8bf016d3f88",
      "name": "kubebuilder-4.15.0",
      "pname": "kubebuilder",
      "rev": "d2f67949798825fe853f7c5d0492b8bf016d3f88",
      "rev_count": 1064150,
      "rev_date": "2026-08-29T21:32:09Z",
      "scrape_date": "2026-08-31T06:08:10.465325Z",
      "stabilities": [
        "unstable"
      ],
      "unfree": false,
      "version": "4.15.0",
      "outputs_to_install": [
        "out"
      ],
      "outputs": {
        "out": "/nix/store/jsgn1k0nc0mm0haaxa1gwh6wpp1finkl-kubebuilder-4.15.0"
      },
      "system": "x86_64-linux",
      "group": "toplevel",
      "priority": 5
    },
    {
      "attr_path": "kubectl",
      "broken": false,
      "derivation": "/nix/store/qxslzznkipp587i43k9mf29q0fkjps38-kubectl-1.36.3.drv",
      "description": "Kubernetes CLI",
      "install_id": "kubectl",
      "license": "Apache-2.0",
      "locked_url": "https://github.com/flox/nixpkgs?rev=d2f67949798825fe853f7c5d0492b8bf016d3f88",
      "name": "kubectl-1.36.3",
      "pname": "kubectl",
      "rev": "d2f67949798825fe853f7c5d0492b8bf016d3f88",
      "rev_count": 1064150,
      "rev_date": "2026-08-29T21:32:09Z",
      "scrape_date": "2026-08-31T04:57:09.097704Z",
      "stabilities": [
        "unstable"
      ],
      "unfree": false,
      "version": "1.36.3",
      "outputs_to_install": [
        "man",
        "out"
      ],
      "outputs": {
        "convert": "/nix/store/rq7cbnikbk7khmqczsglknfhfgykwkbf-kubectl-1.36.3-convert",
        "man": "/nix/store/j4lcjil024kv6xli1y03whn4rv1x1ifv-kubectl-1.36.3-man",
        "out": "/nix/store/4ly3f60sf2y8lx4ad4nlv4d4xzm49cai-kubectl-1.36.3"
      },
      "system": "aarch64-darwin",
      "group": "toplevel",
      "priority": 5
    },
    {
      "attr_path": "kubectl",
      "broken": false,
      "derivation": "/nix/store/s4m7pbgrfvlans78v343fbg2aq907132-kubectl-1.36.3.drv",
      "description": "Kubernetes CLI",
      "install_id": "kubectl",
      "license": "Apache-2.0",
      "locked_url": "https://github.com/flox/nixpkgs?rev=d2f67949798825fe853f7c5d0492b8bf016d3f88",
      "name": "kubectl-1.36.3",
      "pname": "kubectl",
      "rev": "d2f67949798825fe853f7c5d0492b8bf016d3f88",
      "rev_count": 1064150,
      "rev_date": "2026-08-29T21:32:09Z",
      "scrape_date": "2026-08-31T05:29:35.995264Z",
      "stabilities": [
        "unstable"
      ],
      "unfree": false,
      "version": "1.36.3",
      "outputs_to_install": [
        "man",
        "out"
      ],
      "outputs": {
        "convert": "/nix/store/6xj3wx8zkh4nj0dfg14v6cmbpaxqrzz7-kubectl-1.36.3-convert",
        "man": "/nix/store/n9ya3i139xw7jcb3x44b1lmwswilfwxk-kubectl-1.36.3-man",
        "out": "/nix/store/pxr2n9hcw5r5c9pbyqhangbwvc3yv8yw-kubectl-1.36.3"
      },
      "system": "aarch64-linux",
      "group": "toplevel",
      "priority": 5
    },
    {
      "attr_path": "kubectl",
      "broken": false,
      "derivation": "/nix/store/5ianzm41xzdp2xj5da36883hymkwd77i-kubectl-1.36.3.drv",
      "description": "Kubernetes CLI",
      "install_id": "kubectl",
      "license": "Apache-2.0",
      "locked_url": "https://github.com/flox/nixpkgs?rev=d2f67949798825fe853f7c5d0492b8bf016d3f88",
      "name": "kubectl-1.36.3",
      "pname": "kubectl",
      "rev": "d2f67949798825fe853f7c5d0492b8bf016d3f88",
      "rev_count": 1064150,
      "rev_date": "2026-08-29T21:32:09Z",
      "scrape_date": "2026-08-31T06:08:10.473668Z",
      "stabilities": [
        "unstable"
      ],
      "unfree": false,
      "version": "1.36.3",
      "outputs_to_install": [
        "man",
        "out"
      ],
      "outputs": {
        "convert": "/nix/store/szx0vjljdh6rp8nxwdnpkz7g4fvvnk9h-kubectl-1.36.3-convert",
        "man": "/nix/store/kxhnlzm663cpz4pbd7wkq4n73578ak4z-kubectl-1.36.3-man",
        "out": "/nix/store/s28gqkd497rb4bvm56w72jyarqgmhlzz-kubectl-1.36.3"
      },
      "system": "x86_64-linux",
      "group": "toplevel",
      "priority": 5
    },
    {
      "attr_path": "kubernetes-code-generator",
      "broken": false,
      "derivation": "/nix/store/prri38d6v5zlczngcskjb1wb1axn88jn-code-generator-0.25.4.drv",
      "description": "Kubernetes code generation",
      "install_id": "kubernetes-code-generator",
      "license": "Apache-2.0",
      "locked_url": "https://github.com/flox/nixpkgs?rev=d2f67949798825fe853f7c5d0492b8bf016d3f88",
      "name": "code-generator-0.25.4",
      "pname": "kubernetes-code-generator",
      "rev": "d2f67949798825fe853f7c5d0492b8bf016d3f88",
      "rev_count": 1064150,
      "rev_date": "2026-08-29T21:32:09Z",
      "scrape_date": "2026-08-31T04:57:09.145284Z",
      "stabilities": [
        "unstable"
      ],
      "unfree": false,
      "version": "0.25.4",
      "outputs_to_install": [
        "out"
      ],
      "outputs": {
        "out": "/nix/store/1aggizd5rz8mnclcyp1g0l5kw2arxh30-code-generator-0.25.4"
      },
      "system": "aarch64-darwin",
      "group": "toplevel",
      "priority": 5
    },
    {
      "attr_path": "kubernetes-code-generator",
      "broken": false,
      "derivation": "/nix/store/lyj7v6bzh7gkl37dc9n2crmq0p7ffx89-code-generator-0.25.4.drv",
      "description": "Kubernetes code generation",
      "install_id": "kubernetes-code-generator",
      "license": "Apache-2.0",
      "locked_url": "https://github.com/flox/nixpkgs?rev=d2f67949798825fe853f7c5d0492b8bf016d3f88",
      "name": "code-generator-0.25.4",
      "pname": "kubernetes-code-generator",
      "rev": "d2f67949798825fe853f7c5d0492b8bf016d3f88",
      "rev_count": 1064150,
      "rev_date": "2026-08-29T21:32:09Z",
      "scrape_date": "2026-08-31T05:29:36.062568Z",
      "stabilities": [
        "unstable"
      ],
      "unfree": false,
      "version": "0.25.4",
      "outputs_to_install": [
        "out"
      ],
      "outputs": {
        "out": "/nix/store/fxdpv9s48mlmwnf288xz093wsg312zl0-code-generator-0.25.4"
      },
      "system": "aarch64-linux",
      "group": "toplevel",
      "priority": 5
    },
    {
      "attr_path": "kubernetes-code-generator",
      "broken": false,
      "derivation": "/nix/store/8ql598mnpkbhj4b1n5knci986p8b6ad9-code-generator-0.25.4.drv",
      "description": "Kubernetes code generation",
      "install_id": "kubernetes-code-generator",
      "license": "Apache-2.0",
      "locked_url": "https://github.com/flox/nixpkgs?rev=d2f67949798825fe853f7c5d0492b8bf016d3f88",
      "name": "code-generator-0.25.4",
      "pname": "kubernetes-code-generator",
      "rev": "d2f67949798825fe853f7c5d0492b8bf016d3f88",
      "rev_count": 1064150,
      "rev_date": "2026-08-29T21:32:09Z",
      "scrape_date": "2026-08-31T06:08:10.533427Z",
      "stabilities": [
        "unstable"
      ],
      "unfree": false,
      "version": "0.25.4",
      "outputs_to_install": [
        "out"
      ],
      "outputs": {
        "out": "/nix/store/qdd52qk369n1micgdya722097qq3cm7v-code-generator-0.25.4"
      },
      "system": "x86_64-linux",
      "group": "toplevel",
      "priority": 5
    },
    {
      "attr_path": "kustomize",
      "broken": false,
      "derivation": "/nix/store/ysr5gvasax807kszda44vdxs5prk6a1s-kustomize-5.8.1.drv",
      "description": "Customization of kubernetes YAML configurations",
      "install_id": "kustomize",
      "license": "Apache-2.0",
      "locked_url": "https://github.com/flox/nixpkgs?rev=d2f67949798825fe853f7c5d0492b8bf016d3f88",
      "name": "kustomize-5.8.1",
      "pname": "kustomize",
      "rev": "d2f67949798825fe853f7c5d0492b8bf016d3f88",
      "rev_count": 1064150,
      "rev_date": "2026-08-29T21:32:09Z",
      "scrape_date": "2026-08-31T04:57:09.205102Z",
      "stabilities": [
        "unstable"
      ],
      "unfree": false,
      "version": "5.8.1",
      "outputs_to_install": [
        "out"
      ],
      "outputs": {
        "out": "/nix/store/xasxmm4hzrvb0m7ywc6fqvfh283914fq-kustomize-5.8.1"
      },
      "system": "aarch64-darwin",
      "group": "toplevel",
      "priority": 5
    },
    {
      "attr_path": "kustomize",
      "broken": false,
      "derivation": "/nix/store/q2s4lkw9306zc9f6l951pwmzv7y7fcf8-kustomize-5.8.1.drv",
      "description": "Customization of kubernetes YAML configurations",
      "install_id": "kustomize",
      "license": "Apache-2.0",
      "locked_url": "https://github.com/flox/nixpkgs?rev=d2f67949798825fe853f7c5d0492b8bf016d3f88",
      "name": "kustomize-5.8.1",
      "pname": "kustomize",
      "rev": "d2f67949798825fe853f7c5d0492b8bf016d3f88",
      "rev_count": 1064150,
      "rev_date": "2026-08-29T21:32:09Z",
      "scrape_date": "2026-08-31T05:29:36.139663Z",
      "stabilities": [
        "unstable"
      ],
      "unfree": false,
      "version": "5.8.1",
      "outputs_to_install": [
        "out"
      ],
      "outputs": {
        "out": "/nix/store/ks3x95mpnwb4s96m7qqi5nm7nv2z5qam-kustomize-5.8.1"
      },
      "system": "aarch64-linux",
      "group": "toplevel",
      "priority": 5
    },
    {
      "attr_path": "kustomize",
      "broken": false,
      "derivation": "/nix/store/lcmdaqgyprqdcvymk05ss69mf0yya19l-kustomize-5.8.1.drv",
      "description": "Customization of kubernetes YAML configurations",
      "install_id": "kustomize",
      "license": "Apache-2.0",
      "locked_url": "https://github.com/flox/nixpkgs?rev=d2f67949798825fe853f7c5d0492b8bf016d3f88",
      "name": "kustomize-5.8.1",
      "pname": "kustomize",
      "rev": "d2f67949798825fe853f7c5d0492b8bf016d3f88",
      "rev_count": 1064150,
      "rev_date": "2026-08-29T21:32:09Z",
      "scrape_date": "2026-08-31T06:08:10.605446Z",
      "stabilities": [
        "unstable"
      ],
      "unfree": false,
      "version": "5.8.1",
      "outputs_to_install": [
        "out"
      ],
      "outputs": {
        "out": "/nix/store/fj2l9vlrs30xp2jn5imh0c8vn05pb75c-kustomize-5.8.1"
      },
      "system": "x86_64-linux",
      "group": "toplevel",
      "priority": 5
    },
    {
      "attr_path": "prettier",
      "broken": false,
      "derivation": "/nix/store/0515r96m0xd2m7l473wkxn67wrrwraiz-prettier-3.9.6.drv",
      "description": "Code formatter",
      "install_id": "prettier",
      "license": "MIT",
      "locked_url": "https://github.com/flox/nixpkgs?rev=d2f67949798825fe853f7c5d0492b8bf016d3f88",
      "name": "prettier-3.9.6",
      "pname": "prettier",
      "rev": "d2f67949798825fe853f7c5d0492b8bf016d3f88",
      "rev_count": 1064150,
      "rev_date": "2026-08-29T21:32:09Z",
      "scrape_date": "2026-08-31T04:57:30.881097Z",
      "stabilities": [
        "unstable"
      ],
      "unfree": false,
      "version": "3.9.6",
      "outputs_to_install": [
        "out"
      ],
      "outputs": {
        "out": "/nix/store/9j82cqj3msajb0j2kikka3x5s3sh7r0v-prettier-3.9.6"
      },
      "system": "aarch64-darwin",
      "group": "toplevel",
      "priority": 5
    },
    {
      "attr_path": "prettier",
      "broken": false,
      "derivation": "/nix/store/v9y2h1q5806qq10nslfdvmv4ka0dkv31-prettier-3.9.6.drv",
      "description": "Code formatter",
      "install_id": "prettier",
      "license": "MIT",
      "locked_url": "https://github.com/flox/nixpkgs?rev=d2f67949798825fe853f7c5d0492b8bf016d3f88",
      "name": "prettier-3.9.6",
      "pname": "prettier",
      "rev": "d2f67949798825fe853f7c5d0492b8bf016d3f88",
      "rev_count": 1064150,
      "rev_date": "2026-08-29T21:32:09Z",
      "scrape_date": "2026-08-31T05:30:14.550969Z",
      "stabilities": [
        "unstable"
      ],
      "unfree": false,
      "version": "3.9.6",
      "outputs_to_install": [
        "out"
      ],
      "outputs": {
        "out": "/nix/store/15dd37yjin93zikq6mzfb2llldb44sfv-prettier-3.9.6"
      },
      "system": "aarch64-linux",
      "group": "toplevel",
      "priority": 5
    },
    {
      "attr_path": "prettier",
      "broken": false,
      "derivation": "/nix/store/n3jjzr5crd1j9ck8qh9lknss0r3s06r9-prettier-3.9.6.drv",
      "description": "Code formatter",
      "install_id": "prettier",
      "license": "MIT",
      "locked_url": "https://github.com/flox/nixpkgs?rev=d2f67949798825fe853f7c5d0492b8bf016d3f88",
      "name": "prettier-3.9.6",
      "pname": "prettier",
      "rev": "d2f67949798825fe853f7c5d0492b8bf016d3f88",
      "rev_count": 1064150,
      "rev_date": "2026-08-29T21:32:09Z",
      "scrape_date": "2026-08-31T06:08:47.407403Z",
      "stabilities": [
        "unstable"
      ],
      "unfree": false,
      "version": "3.9.6",
      "outputs_to_install": [
        "out"
      ],
      "outputs": {
        "out": "/nix/store/adglp5sp9z99rvk57bp9fn5k3ha7pq42-prettier-3.9.6"
      },
      "system": "x86_64-linux",
      "group": "toplevel",
      "priority": 5
    },
    {
      "install_id": "infer",
      "locked-url": "github:inference-gateway/cli/ef3889df30a9a08b1c0c0d75972dacec9cc12105?narHash=sha256-JsEkRxqGW6iUw/LdH8dvU56VOkH%2Biz1rIeHpt49qQk8%3D",
      "flake-description": "Inference Gateway CLI - infer",
      "locked-flake-attr-path": "packages.aarch64-darwin.default",
      "derivation": "/nix/store/gkhwx1ywwh65ayvcr0pinqrm5i4b7cmi-infer-0.183.0.drv",
      "outputs": {
        "out": "/nix/store/7sv3nii4hkafzmbxcd4rxars1rd441b6-infer-0.183.0"
      },
      "output-names": [
        "out"
      ],
      "outputs-to-install": [
        "out"
      ],
      "requested-outputs-to-install": [],
      "package-system": "aarch64-darwin",
      "system": "aarch64-darwin",
      "name": "infer-0.183.0",
      "pname": "infer",
      "version": "0.183.0",
      "description": "Command-line interface for the Inference Gateway - AI model interaction manager",
      "licenses": [
        "MIT"
      ],
      "broken": false,
      "unfree": false,
      "priority": 5
    },
    {
      "install_id": "infer",
      "locked-url": "github:inference-gateway/cli/ef3889df30a9a08b1c0c0d75972dacec9cc12105?narHash=sha256-JsEkRxqGW6iUw/LdH8dvU56VOkH%2Biz1rIeHpt49qQk8%3D",
      "flake-description": "Inference Gateway CLI - infer",
      "locked-flake-attr-path": "packages.aarch64-linux.default",
      "derivation": "/nix/store/ggjr0c9lziv2yz323x6kq550jgwsf2gx-infer-0.183.0.drv",
      "outputs": {
        "out": "/nix/store/nnzvchn58bz95cc4nk36a4568l04hqcj-infer-0.183.0"
      },
      "output-names": [
        "out"
      ],
      "outputs-to-install": [
        "out"
      ],
      "requested-outputs-to-install": [],
      "package-system": "aarch64-linux",
      "system": "aarch64-linux",
      "name": "infer-0.183.0",
      "pname": "infer",
      "version": "0.183.0",
      "description": "Command-line interface for the Inference Gateway - AI model interaction manager",
      "licenses": [
        "MIT"
      ],
      "broken": false,
      "unfree": false,
      "priority": 5
    },
    {
      "install_id": "infer",
      "locked-url": "github:inference-gateway/cli/ef3889df30a9a08b1c0c0d75972dacec9cc12105?narHash=sha256-JsEkRxqGW6iUw/LdH8dvU56VOkH%2Biz1rIeHpt49qQk8%3D",
      "flake-description": "Inference Gateway CLI - infer",
      "locked-flake-attr-path": "packages.x86_64-linux.default",
      "derivation": "/nix/store/7bpbyz3p1mmi78zfd49pl63v756z173i-infer-0.183.0.drv",
      "outputs": {
        "out": "/nix/store/zcn3lk108bcsb1h6x3adbqia9fygzn2h-infer-0.183.0"
      },
      "output-names": [
        "out"
      ],
      "outputs-to-install": [
        "out"
      ],
      "requested-outputs-to-install": [],
      "package-system": "x86_64-linux",
      "system": "x86_64-linux",
      "name": "infer-0.183.0",
      "pname": "infer",
      "version": "0.183.0",
      "description": "Command-line interface for the Inference Gateway - AI model interaction manager",
      "licenses": [
        "MIT"
      ],
      "broken": false,
      "unfree": false,
      "priority": 5
    }
  ]
}
